
Microsoft Visual Studio Solution File, Format Version 12.00
# Visual Studio Version 16
VisualStudioVersion = 16.0.30804.86
MinimumVisualStudioVersion = 10.0.40219.1
Project("{FAE04EC0-301F-11D3-BF4B-00C04F79EFBC}") = "AddressBookUsing_ADODOTNet", "AddressBookUsing_ADODOTNet\AddressBookUsing_ADODOTNet.csproj", "{6941EA8C-1D9D-470C-8017-93D3966D06DF}"
EndProject
Project("{FAE04EC0-301F-11D3-BF4B-00C04F79EFBC}") = "AdressBook_Test", "AdressBook_Test\AdressBook_Test.csproj", "{D95FEBE2-E406-4D97-87BB-F1E22CFC7786}"
EndProject
Global
	GlobalSection(SolutionConfigurationPlatforms) = preSolution
		Debug|Any CPU = Debug|Any CPU
		Release|Any CPU = Release|Any CPU
	EndGlobalSection
	GlobalSection(ProjectConfigurationPlatforms) = postSolution
		{6941EA8C-1D9D-470C-8017-93D3966D06DF}.Debug|Any CPU.ActiveCfg = Debug|Any CPU
		{6941EA8C-1D9D-470C-8017-93D3966D06DF}.Debug|Any CPU.Build.0 = Debug|Any CPU
		{6941EA8C-1D9D-470C-8017-93D3966D06DF}.Release|Any CPU.ActiveCfg = Release|Any CPU
		{6941EA8C-1D9D-470C-8017-93D3966D06DF}.Release|Any CPU.Build.0 = Release|Any CPU
		{D95FEBE2-E406-4D97-87BB-F1E22CFC7786}.Debug|Any CPU.ActiveCfg = Debug|Any CPU
		{D95FEBE2-E406-4D97-87BB-F1E22CFC7786}.Debug|Any CPU.Build.0 = Debug|Any CPU
		{D95FEBE2-E406-4D97-87BB-F1E22CFC7786}.Release|Any CPU.ActiveCfg = Release|Any CPU
		{D95FEBE2-E406-4D97-87BB-F1E22CFC7786}.Release|Any CPU.Build.0 = Release|Any CPU
	EndGlobalSection
	GlobalSection(SolutionProperties) = preSolution
		HideSolutionNode = FALSE
	EndGlobalSection
	GlobalSection(ExtensibilityGlobals) = postSolution
		SolutionGuid = {C0E9B544-5AB9-4F1F-A1B8-7CB135527930}
	EndGlobalSection
EndGlobal
